{
  "originHash" : "918008e942b405aa0e22086e3576a3bcf148cfefe1023699f066b76c4b05e2f0",
  "pins" : [
    {
      "identity" : "kmp-nativecoroutines",
      "kind" : "remoteSourceControl",
      "location" : "https://github.com/rickclephas/KMP-NativeCoroutines",
      "state" : {
        "revision" : "94fbd5622719f6783ccf050b3d0027d4aabb659d"
      }
    }
  ],
  "version" : 3
}
